<?xml version="1.0" encoding="utf-8"?>
<Project ToolsVersion="4.0" xmlns="http://schemas.microsoft.com/developer/msbuild/2003">
  <ItemGroup>
    <Filter Include="src">
      <UniqueIdentifier>{4FC737F1-C7A5-4376-A066-2A32D752A2FF}</UniqueIdentifier>
      <Extensions>cpp;c;cc;cxx;def;odl;idl;hpj;bat;asm;asmx</Extensions>
    </Filter>
    <Filter Include="header">
      <UniqueIdentifier>{93995380-89BD-4b04-88EB-625FBE52EBFB}</UniqueIdentifier>
      <Extensions>h;hh;hpp;hxx;hm;inl;inc;xsd</Extensions>
    </Filter>
    <Filter Include="res">
      <UniqueIdentifier>{67DA6AB6-F800-4c08-8B7A-83BB121AAD01}</UniqueIdentifier>
      <Extensions>rc;ico;cur;bmp;dlg;rc2;rct;bin;rgs;gif;jpg;jpeg;jpe;resx;tiff;tif;png;wav;mfcribbon-ms</Extensions>
    </Filter>
  </ItemGroup>
  <ItemGroup>
    <ClCompile Include="..\src\binary.cpp">
      <Filter>src</Filter>
    </ClCompile>
    <ClCompile Include="..\src\ctypes.cpp">
      <Filter>src</Filter>
    </ClCompile>
    <ClCompile Include="..\src\define.cpp">
      <Filter>src</Filter>
    </ClCompile>
    <ClCompile Include="..\src\lib\getopt_win.cpp">
      <Filter>src</Filter>
    </ClCompile>
    <ClCompile Include="..\src\ilp\ilp_null.cpp">
      <Filter>src</Filter>
    </ClCompile>
    <ClCompile Include="..\src\ilp_problem.cpp">
      <Filter>src</Filter>
    </ClCompile>
    <ClCompile Include="..\src\interface.cpp">
      <Filter>src</Filter>
    </ClCompile>
    <ClCompile Include="..\src\kb.cpp">
      <Filter>src</Filter>
    </ClCompile>
    <ClCompile Include="..\src\logical_function.cpp">
      <Filter>src</Filter>
    </ClCompile>
    <ClCompile Include="..\src\main.cpp">
      <Filter>src</Filter>
    </ClCompile>
    <ClCompile Include="..\src\phillip.cpp">
      <Filter>src</Filter>
    </ClCompile>
    <ClCompile Include="..\src\processor.cpp">
      <Filter>src</Filter>
    </ClCompile>
    <ClCompile Include="..\src\proof_graph.cpp">
      <Filter>src</Filter>
    </ClCompile>
    <ClCompile Include="..\src\s_expression.cpp">
      <Filter>src</Filter>
    </ClCompile>
    <ClCompile Include="..\src\sol\sol_gurobi.cpp">
      <Filter>src</Filter>
    </ClCompile>
    <ClCompile Include="..\src\sol\sol_lpsolve.cpp">
      <Filter>src</Filter>
    </ClCompile>
    <ClCompile Include="..\src\ilp\ilp_weight.cpp">
      <Filter>src</Filter>
    </ClCompile>
    <ClCompile Include="..\src\ilp\ilp_cost.cpp">
      <Filter>src</Filter>
    </ClCompile>
    <ClCompile Include="..\src\lhs\lhs_a_star.cpp">
      <Filter>src</Filter>
    </ClCompile>
    <ClCompile Include="..\src\lhs\lhs_depth.cpp">
      <Filter>src</Filter>
    </ClCompile>
    <ClCompile Include="..\src\sol\sol_null.cpp">
      <Filter>src</Filter>
    </ClCompile>
    <ClCompile Include="..\src\sol\sol_gurobi_kbest.cpp">
      <Filter>src</Filter>
    </ClCompile>
    <ClCompile Include="..\src\optimization.cpp">
      <Filter>src</Filter>
    </ClCompile>
  </ItemGroup>
  <ItemGroup>
    <ClInclude Include="..\src\binary.h">
      <Filter>header</Filter>
    </ClInclude>
    <ClInclude Include="..\src\lib\cdbpp.h">
      <Filter>header</Filter>
    </ClInclude>
    <ClInclude Include="..\src\ctypes.h">
      <Filter>header</Filter>
    </ClInclude>
    <ClInclude Include="..\src\define.h">
      <Filter>header</Filter>
    </ClInclude>
    <ClInclude Include="..\src\define.inline.h">
      <Filter>header</Filter>
    </ClInclude>
    <ClInclude Include="..\src\factory_lhs.h">
      <Filter>header</Filter>
    </ClInclude>
    <ClInclude Include="..\src\factory_lpp.h">
      <Filter>header</Filter>
    </ClInclude>
    <ClInclude Include="..\src\factory_sol.h">
      <Filter>header</Filter>
    </ClInclude>
    <ClInclude Include="..\src\lib\getopt_win.h">
      <Filter>header</Filter>
    </ClInclude>
    <ClInclude Include="..\src\ilp\ilp_converter.h">
      <Filter>header</Filter>
    </ClInclude>
    <ClInclude Include="..\src\ilp_problem.h">
      <Filter>header</Filter>
    </ClInclude>
    <ClInclude Include="..\src\ilp_problem.inline.h">
      <Filter>header</Filter>
    </ClInclude>
    <ClInclude Include="..\src\sol\ilp_solver.h">
      <Filter>header</Filter>
    </ClInclude>
    <ClInclude Include="..\src\interface.h">
      <Filter>header</Filter>
    </ClInclude>
    <ClInclude Include="..\src\kb.h">
      <Filter>header</Filter>
    </ClInclude>
    <ClInclude Include="..\src\kb.inline.h">
      <Filter>header</Filter>
    </ClInclude>
    <ClInclude Include="..\src\lhs\lhs_enumerator.h">
      <Filter>header</Filter>
    </ClInclude>
    <ClInclude Include="..\src\logical_function.h">
      <Filter>header</Filter>
    </ClInclude>
    <ClInclude Include="..\src\logical_function.inline.h">
      <Filter>header</Filter>
    </ClInclude>
    <ClInclude Include="..\src\phillip.h">
      <Filter>header</Filter>
    </ClInclude>
    <ClInclude Include="..\src\phillip.inline.h">
      <Filter>header</Filter>
    </ClInclude>
    <ClInclude Include="..\src\processor.h">
      <Filter>header</Filter>
    </ClInclude>
    <ClInclude Include="..\src\proof_graph.h">
      <Filter>header</Filter>
    </ClInclude>
    <ClInclude Include="..\src\proof_graph.inline.h">
      <Filter>header</Filter>
    </ClInclude>
    <ClInclude Include="..\src\s_expression.h">
      <Filter>header</Filter>
    </ClInclude>
    <ClInclude Include="..\src\s_expression.inline.h">
      <Filter>header</Filter>
    </ClInclude>
    <ClInclude Include="..\src\optimization.h">
      <Filter>header</Filter>
    </ClInclude>
  </ItemGroup>
</Project>